
Microsoft Visual Studio Solution File, Format Version 12.00
# Visual Studio 2013
VisualStudioVersion = 12.0.21005.1
MinimumVisualStudioVersion = 10.0.40219.1
Project("{8BC9CEB8-8B4A-11D0-8D11-00A0C91BC942}") = "B+_FILE_3", "B+_FILE_3\B+_FILE_3.vcxproj", "{D93E41D4-17D8-4E1B-88E1-831A6545DAB2}"
EndProject
Global
	GlobalSection(SolutionConfigurationPlatforms) = preSolution
		Debug|Win32 = Debug|Win32
		Release|Win32 = Release|Win32
	EndGlobalSection
	GlobalSection(ProjectConfigurationPlatforms) = postSolution
		{D93E41D4-17D8-4E1B-88E1-831A6545DAB2}.Debug|Win32.ActiveCfg = Debug|Win32
		{D93E41D4-17D8-4E1B-88E1-831A6545DAB2}.Debug|Win32.Build.0 = Debug|Win32
		{D93E41D4-17D8-4E1B-88E1-831A6545DAB2}.Release|Win32.ActiveCfg = Release|Win32
		{D93E41D4-17D8-4E1B-88E1-831A6545DAB2}.Release|Win32.Build.0 = Release|Win32
	EndGlobalSection
	GlobalSection(SolutionProperties) = preSolution
		HideSolutionNode = FALSE
	EndGlobalSection
EndGlobal
